
Microsoft Visual Studio Solution File, Format Version 12.00
# Visual Studio Version 17
VisualStudioVersion = 17.10.34928.147
MinimumVisualStudioVersion = 10.0.40219.1
Project("{FAE04EC0-301F-11D3-BF4B-00C04F79EFBC}") = "AgroApp_Web", "AgroApp_Web\AgroApp_Web.csproj", "{6A93F058-EC5B-46BE-834B-25F1EBFA0C77}"
EndProject
Global
	GlobalSection(SolutionConfigurationPlatforms) = preSolution
		Debug|Any CPU = Debug|Any CPU
		Release|Any CPU = Release|Any CPU
	EndGlobalSection
	GlobalSection(ProjectConfigurationPlatforms) = postSolution
		{6A93F058-EC5B-46BE-834B-25F1EBFA0C77}.Debug|Any CPU.ActiveCfg = Debug|Any CPU
		{6A93F058-EC5B-46BE-834B-25F1EBFA0C77}.Debug|Any CPU.Build.0 = Debug|Any CPU
		{6A93F058-EC5B-46BE-834B-25F1EBFA0C77}.Release|Any CPU.ActiveCfg = Release|Any CPU
		{6A93F058-EC5B-46BE-834B-25F1EBFA0C77}.Release|Any CPU.Build.0 = Release|Any CPU
	EndGlobalSection
	GlobalSection(SolutionProperties) = preSolution
		HideSolutionNode = FALSE
	EndGlobalSection
	GlobalSection(ExtensibilityGlobals) = postSolution
		SolutionGuid = {96A7E94E-4C02-4189-8963-94A57CC666FC}
	EndGlobalSection
EndGlobal
